// !$*UTF8*$!
{
	archiveVersion = 1;
	classes = {
	};
	objectVersion = 55;
	objects = {

/* Begin PBXBuildFile section */
		08C0572A28AA872E00BF72E1 /* Item.swift in Sources */ = {isa = PBXBuildFile; fileRef = 08C0572928AA872E00BF72E1 /* Item.swift */; };
		08C0572C28AA8B1300BF72E1 /* Category.swift in Sources */ = {isa = PBXBuildFile; fileRef = 08C0572B28AA8B1300BF72E1 /* Category.swift */; };
		08C6A3E828A595CF004692EC /* AppDelegate.swift in Sources */ = {isa = PBXBuildFile; fileRef = 08C6A3E728A595CF004692EC /* AppDelegate.swift */; };
		08C6A3EA28A595CF004692EC /* SceneDelegate.swift in Sources */ = {isa = PBXBuildFile; fileRef = 08C6A3E928A595CF004692EC /* SceneDelegate.swift */; };
		08C6A3EC28A595CF004692EC /* TodoListViewController.swift in Sources */ = {isa = PBXBuildFile; fileRef = 08C6A3EB28A595CF004692EC /* TodoListViewController.swift */; };
		08C6A3EF28A595CF004692EC /* Main.storyboard in Resources */ = {isa = PBXBuildFile; fileRef = 08C6A3ED28A595CF004692EC /* Main.storyboard */; };
		08C6A3F128A595D0004692EC /* Assets.xcassets in Resources */ = {isa = PBXBuildFile; fileRef = 08C6A3F028A595D0004692EC /* Assets.xcassets */; };
		08C6A3F428A595D0004692EC /* LaunchScreen.storyboard in Resources */ = {isa = PBXBuildFile; fileRef = 08C6A3F228A595D0004692EC /* LaunchScreen.storyboard */; };
		08F70C8528AA5F0800FB5E40 /* CategoryViewController.swift in Sources */ = {isa = PBXBuildFile; fileRef = 08F70C8428AA5F0800FB5E40 /* CategoryViewController.swift */; };
		935F5B55ADAC598139ECC323 /* Pods_Qlear.framework in Frameworks */ = {isa = PBXBuildFile; fileRef = C44795D390E819A7F1E2EE37 /* Pods_Qlear.framework */; };
/* End PBXBuildFile section */

/* Begin PBXFileReference section */
		08C0572928AA872E00BF72E1 /* Item.swift */ = {isa = PBXFileReference; lastKnownFileType = sourcecode.swift; path = Item.swift; sourceTree = "<group>"; };
		08C0572B28AA8B1300BF72E1 /* Category.swift */ = {isa = PBXFileReference; lastKnownFileType = sourcecode.swift; path = Category.swift; sourceTree = "<group>"; };
		08C6A3E428A595CF004692EC /* Qlear.app */ = {isa = PBXFileReference; explicitFileType = wrapper.application; includeInIndex = 0; path = Qlear.app; sourceTree = BUILT_PRODUCTS_DIR; };
		08C6A3E728A595CF004692EC /* AppDelegate.swift */ = {isa = PBXFileReference; lastKnownFileType = sourcecode.swift; path = AppDelegate.swift; sourceTree = "<group>"; };
		08C6A3E928A595CF004692EC /* SceneDelegate.swift */ = {isa = PBXFileReference; lastKnownFileType = sourcecode.swift; path = SceneDelegate.swift; sourceTree = "<group>"; };
		08C6A3EB28A595CF004692EC /* TodoListViewController.swift */ = {isa = PBXFileReference; lastKnownFileType = sourcecode.swift; path = TodoListViewController.swift; sourceTree = "<group>"; };
		08C6A3EE28A595CF004692EC /* Base */ = {isa = PBXFileReference; lastKnownFileType = file.storyboard; name = Base; path = Base.lproj/Main.storyboard; sourceTree = "<group>"; };
		08C6A3F028A595D0004692EC /* Assets.xcassets */ = {isa = PBXFileReference; lastKnownFileType = folder.assetcatalog; path = Assets.xcassets; sourceTree = "<group>"; };
		08C6A3F328A595D0004692EC /* Base */ = {isa = PBXFileReference; lastKnownFileType = file.storyboard; name = Base; path = Base.lproj/LaunchScreen.storyboard; sourceTree = "<group>"; };
		08C6A3F528A595D0004692EC /* Info.plist */ = {isa = PBXFileReference; lastKnownFileType = text.plist.xml; path = Info.plist; sourceTree = "<group>"; };
		08F70C8428AA5F0800FB5E40 /* CategoryViewController.swift */ = {isa = PBXFileReference; lastKnownFileType = sourcecode.swift; name = CategoryViewController.swift; path = Qlear/Views/CategoryViewController.swift; sourceTree = SOURCE_ROOT; };
		3763AC00910F6C9285B9E033 /* Pods-Qlear.debug.xcconfig */ = {isa = PBXFileReference; includeInIndex = 1; lastKnownFileType = text.xcconfig; name = "Pods-Qlear.debug.xcconfig"; path = "Target Support Files/Pods-Qlear/Pods-Qlear.debug.xcconfig"; sourceTree = "<group>"; };
		AB4104148648AAD0F53FD0D1 /* Pods-Qlear.release.xcconfig */ = {isa = PBXFileReference; includeInIndex = 1; lastKnownFileType = text.xcconfig; name = "Pods-Qlear.release.xcconfig"; path = "Target Support Files/Pods-Qlear/Pods-Qlear.release.xcconfig"; sourceTree = "<group>"; };
		C44795D390E819A7F1E2EE37 /* Pods_Qlear.framework */ = {isa = PBXFileReference; explicitFileType = wrapper.framework; includeInIndex = 0; path = Pods_Qlear.framework; sourceTree = BUILT_PRODUCTS_DIR; };
/* End PBXFileReference section */

/* Begin PBXFrameworksBuildPhase section */
		08C6A3E128A595CF004692EC /* Frameworks */ = {
			isa = PBXFrameworksBuildPhase;
			buildActionMask = 2147483647;
			files = (
				935F5B55ADAC598139ECC323 /* Pods_Qlear.framework in Frameworks */,
			);
			runOnlyForDeploymentPostprocessing = 0;
		};
/* End PBXFrameworksBuildPhase section */

/* Begin PBXGroup section */
		08C6A3DB28A595CF004692EC = {
			isa = PBXGroup;
			children = (
				08C6A3E628A595CF004692EC /* Qlear */,
				08C6A3E528A595CF004692EC /* Products */,
				81D0F73F9473D3D753EF68F0 /* Pods */,
				E816EA312713CCB5FBEC67F5 /* Frameworks */,
			);
			sourceTree = "<group>";
		};
		08C6A3E528A595CF004692EC /* Products */ = {
			isa = PBXGroup;
			children = (
				08C6A3E428A595CF004692EC /* Qlear.app */,
			);
			name = Products;
			sourceTree = "<group>";
		};
		08C6A3E628A595CF004692EC /* Qlear */ = {
			isa = PBXGroup;
			children = (
				08C6A3E728A595CF004692EC /* AppDelegate.swift */,
				08C6A3E928A595CF004692EC /* SceneDelegate.swift */,
				08C6A3FF28A65E78004692EC /* Controllers */,
				08C6A3FE28A65E5E004692EC /* Data Model */,
				08C6A40128A65ECA004692EC /* Views */,
				08C6A40028A65EA9004692EC /* Supporting Files */,
				08C6A3F528A595D0004692EC /* Info.plist */,
			);
			path = Qlear;
			sourceTree = "<group>";
		};
		08C6A3FE28A65E5E004692EC /* Data Model */ = {
			isa = PBXGroup;
			children = (
				08C0572B28AA8B1300BF72E1 /* Category.swift */,
				08C0572928AA872E00BF72E1 /* Item.swift */,
			);
			path = "Data Model";
			sourceTree = "<group>";
		};
		08C6A3FF28A65E78004692EC /* Controllers */ = {
			isa = PBXGroup;
			children = (
				08F70C8428AA5F0800FB5E40 /* CategoryViewController.swift */,
				08C6A3EB28A595CF004692EC /* TodoListViewController.swift */,
			);
			path = Controllers;
			sourceTree = "<group>";
		};
		08C6A40028A65EA9004692EC /* Supporting Files */ = {
			isa = PBXGroup;
			children = (
				08C6A3F228A595D0004692EC /* LaunchScreen.storyboard */,
				08C6A3F028A595D0004692EC /* Assets.xcassets */,
			);
			path = "Supporting Files";
			sourceTree = "<group>";
		};
		08C6A40128A65ECA004692EC /* Views */ = {
			isa = PBXGroup;
			children = (
				08C6A3ED28A595CF004692EC /* Main.storyboard */,
			);
			path = Views;
			sourceTree = "<group>";
		};
		81D0F73F9473D3D753EF68F0 /* Pods */ = {
			isa = PBXGroup;
			children = (
				3763AC00910F6C9285B9E033 /* Pods-Qlear.debug.xcconfig */,
				AB4104148648AAD0F53FD0D1 /* Pods-Qlear.release.xcconfig */,
			);
			path = Pods;
			sourceTree = "<group>";
		};
		E816EA312713CCB5FBEC67F5 /* Frameworks */ = {
			isa = PBXGroup;
			children = (
				C44795D390E819A7F1E2EE37 /* Pods_Qlear.framework */,
			);
			name = Frameworks;
			sourceTree = "<group>";
		};
/* End PBXGroup section */

/* Begin PBXNativeTarget section */
		08C6A3E328A595CF004692EC /* Qlear */ = {
			isa = PBXNativeTarget;
			buildConfigurationList = 08C6A3F828A595D0004692EC /* Build configuration list for PBXNativeTarget "Qlear" */;
			buildPhases = (
				FE2D0E7DF00CCDB6AFB28C17 /* [CP] Check Pods Manifest.lock */,
				08C6A3E028A595CF004692EC /* Sources */,
				08C6A3E128A595CF004692EC /* Frameworks */,
				08C6A3E228A595CF004692EC /* Resources */,
				55B5DDC79F5F211109FBAE61 /* [CP] Embed Pods Frameworks */,
			);
			buildRules = (
			);
			dependencies = (
			);
			name = Qlear;
			productName = Qlear;
			productReference = 08C6A3E428A595CF004692EC /* Qlear.app */;
			productType = "com.apple.product-type.application";
		};
/* End PBXNativeTarget section */

/* Begin PBXProject section */
		08C6A3DC28A595CF004692EC /* Project object */ = {
			isa = PBXProject;
			attributes = {
				BuildIndependentTargetsInParallel = 1;
				LastSwiftUpdateCheck = 1340;
				LastUpgradeCheck = 1340;
				TargetAttributes = {
					08C6A3E328A595CF004692EC = {
						CreatedOnToolsVersion = 13.4.1;
					};
				};
			};
			buildConfigurationList = 08C6A3DF28A595CF004692EC /* Build configuration list for PBXProject "Qlear" */;
			compatibilityVersion = "Xcode 13.0";
			developmentRegion = en;
			hasScannedForEncodings = 0;
			knownRegions = (
				en,
				Base,
			);
			mainGroup = 08C6A3DB28A595CF004692EC;
			productRefGroup = 08C6A3E528A595CF004692EC /* Products */;
			projectDirPath = "";
			projectRoot = "";
			targets = (
				08C6A3E328A595CF004692EC /* Qlear */,
			);
		};
/* End PBXProject section */

/* Begin PBXResourcesBuildPhase section */
		08C6A3E228A595CF004692EC /* Resources */ = {
			isa = PBXResourcesBuildPhase;
			buildActionMask = 2147483647;
			files = (
				08C6A3F428A595D0004692EC /* LaunchScreen.storyboard in Resources */,
				08C6A3F128A595D0004692EC /* Assets.xcassets in Resources */,
				08C6A3EF28A595CF004692EC /* Main.storyboard in Resources */,
			);
			runOnlyForDeploymentPostprocessing = 0;
		};
/* End PBXResourcesBuildPhase section */

/* Begin PBXShellScriptBuildPhase section */
		55B5DDC79F5F211109FBAE61 /* [CP] Embed Pods Frameworks */ = {
			isa = PBXShellScriptBuildPhase;
			buildActionMask = 2147483647;
			files = (
			);
			inputFileListPaths = (
				"${PODS_ROOT}/Target Support Files/Pods-Qlear/Pods-Qlear-frameworks-${CONFIGURATION}-input-files.xcfilelist",
			);
			name = "[CP] Embed Pods Frameworks";
			outputFileListPaths = (
				"${PODS_ROOT}/Target Support Files/Pods-Qlear/Pods-Qlear-frameworks-${CONFIGURATION}-output-files.xcfilelist",
			);
			runOnlyForDeploymentPostprocessing = 0;
			shellPath = /bin/sh;
			shellScript = "\"${PODS_ROOT}/Target Support Files/Pods-Qlear/Pods-Qlear-frameworks.sh\"\n";
			showEnvVarsInLog = 0;
		};
		FE2D0E7DF00CCDB6AFB28C17 /* [CP] Check Pods Manifest.lock */ = {
			isa = PBXShellScriptBuildPhase;
			buildActionMask = 2147483647;
			files = (
			);
			inputFileListPaths = (
			);
			inputPaths = (
				"${PODS_PODFILE_DIR_PATH}/Podfile.lock",
				"${PODS_ROOT}/Manifest.lock",
			);
			name = "[CP] Check Pods Manifest.lock";
			outputFileListPaths = (
			);
			outputPaths = (
				"$(DERIVED_FILE_DIR)/Pods-Qlear-checkManifestLockResult.txt",
			);
			runOnlyForDeploymentPostprocessing = 0;
			shellPath = /bin/sh;
			shellScript = "diff \"${PODS_PODFILE_DIR_PATH}/Podfile.lock\" \"${PODS_ROOT}/Manifest.lock\" > /dev/null\nif [ $? != 0 ] ; then\n    # print error to STDERR\n    echo \"error: The sandbox is not in sync with the Podfile.lock. Run 'pod install' or update your CocoaPods installation.\" >&2\n    exit 1\nfi\n# This output is used by Xcode 'outputs' to avoid re-running this script phase.\necho \"SUCCESS\" > \"${SCRIPT_OUTPUT_FILE_0}\"\n";
			showEnvVarsInLog = 0;
		};
/* End PBXShellScriptBuildPhase section */

/* Begin PBXSourcesBuildPhase section */
		08C6A3E028A595CF004692EC /* Sources */ = {
			isa = PBXSourcesBuildPhase;
			buildActionMask = 2147483647;
			files = (
				08F70C8528AA5F0800FB5E40 /* CategoryViewController.swift in Sources */,
				08C0572A28AA872E00BF72E1 /* Item.swift in Sources */,
				08C6A3EC28A595CF004692EC /* TodoListViewController.swift in Sources */,
				08C6A3E828A595CF004692EC /* AppDelegate.swift in Sources */,
				08C6A3EA28A595CF004692EC /* SceneDelegate.swift in Sources */,
				08C0572C28AA8B1300BF72E1 /* Category.swift in Sources */,
			);
			runOnlyForDeploymentPostprocessing = 0;
		};
/* End PBXSourcesBuildPhase section */

/* Begin PBXVariantGroup section */
		08C6A3ED28A595CF004692EC /* Main.storyboard */ = {
			isa = PBXVariantGroup;
			children = (
				08C6A3EE28A595CF004692EC /* Base */,
			);
			name = Main.storyboard;
			sourceTree = "<group>";
		};
		08C6A3F228A595D0004692EC /* LaunchScreen.storyboard */ = {
			isa = PBXVariantGroup;
			children = (
				08C6A3F328A595D0004692EC /* Base */,
			);
			name = LaunchScreen.storyboard;
			sourceTree = "<group>";
		};
/* End PBXVariantGroup section */

/* Begin XCBuildConfiguration section */
		08C6A3F628A595D0004692EC /* Debug */ = {
			isa = XCBuildConfiguration;
			buildSettings = {
				ALWAYS_SEARCH_USER_PATHS = NO;
				CLANG_ANALYZER_NONNULL = YES;
				CLANG_ANALYZER_NUMBER_OBJECT_CONVERSION = YES_AGGRESSIVE;
				CLANG_CXX_LANGUAGE_STANDARD = "gnu++17";
				CLANG_ENABLE_MODULES = YES;
				CLANG_ENABLE_OBJC_ARC = YES;
				CLANG_ENABLE_OBJC_WEAK = YES;
				CLANG_WARN_BLOCK_CAPTURE_AUTORELEASING = YES;
				CLANG_WARN_BOOL_CONVERSION = YES;
				CLANG_WARN_COMMA = YES;
				CLANG_WARN_CONSTANT_CONVERSION = YES;
				CLANG_WARN_DEPRECATED_OBJC_IMPLEMENTATIONS = YES;
				CLANG_WARN_DIRECT_OBJC_ISA_USAGE = YES_ERROR;
				CLANG_WARN_DOCUMENTATION_COMMENTS = YES;
				CLANG_WARN_EMPTY_BODY = YES;
				CLANG_WARN_ENUM_CONVERSION = YES;
				CLANG_WARN_INFINITE_RECURSION = YES;
				CLANG_WARN_INT_CONVERSION = YES;
				CLANG_WARN_NON_LITERAL_NULL_CONVERSION = YES;
				CLANG_WARN_OBJC_IMPLICIT_RETAIN_SELF = YES;
				CLANG_WARN_OBJC_LITERAL_CONVERSION = YES;
				CLANG_WARN_OBJC_ROOT_CLASS = YES_ERROR;
				CLANG_WARN_QUOTED_INCLUDE_IN_FRAMEWORK_HEADER = YES;
				CLANG_WARN_RANGE_LOOP_ANALYSIS = YES;
				CLANG_WARN_STRICT_PROTOTYPES = YES;
				CLANG_WARN_SUSPICIOUS_MOVE = YES;
				CLANG_WARN_UNGUARDED_AVAILABILITY = YES_AGGRESSIVE;
				CLANG_WARN_UNREACHABLE_CODE = YES;
				CLANG_WARN__DUPLICATE_METHOD_MATCH = YES;
				COPY_PHASE_STRIP = NO;
				DEBUG_INFORMATION_FORMAT = dwarf;
				ENABLE_STRICT_OBJC_MSGSEND = YES;
				ENABLE_TESTABILITY = YES;
				GCC_C_LANGUAGE_STANDARD = gnu11;
				GCC_DYNAMIC_NO_PIC = NO;
				GCC_NO_COMMON_BLOCKS = YES;
				GCC_OPTIMIZATION_LEVEL = 0;
				GCC_PREPROCESSOR_DEFINITIONS = (
					"DEBUG=1",
					"$(inherited)",
				);
				GCC_WARN_64_TO_32_BIT_CONVERSION = YES;
				GCC_WARN_ABOUT_RETURN_TYPE = YES_ERROR;
				GCC_WARN_UNDECLARED_SELECTOR = YES;
				GCC_WARN_UNINITIALIZED_AUTOS = YES_AGGRESSIVE;
				GCC_WARN_UNUSED_FUNCTION = YES;
				GCC_WARN_UNUSED_VARIABLE = YES;
				IPHONEOS_DEPLOYMENT_TARGET = 15.5;
				MTL_ENABLE_DEBUG_INFO = INCLUDE_SOURCE;
				MTL_FAST_MATH = YES;
				ONLY_ACTIVE_ARCH = YES;
				SDKROOT = iphoneos;
				SWIFT_ACTIVE_COMPILATION_CONDITIONS = DEBUG;
				SWIFT_OPTIMIZATION_LEVEL = "-Onone";
			};
			name = Debug;
		};
		08C6A3F728A595D0004692EC /* Release */ = {
			isa = XCBuildConfiguration;
			buildSettings = {
				ALWAYS_SEARCH_USER_PATHS = NO;
				CLANG_ANALYZER_NONNULL = YES;
				CLANG_ANALYZER_NUMBER_OBJECT_CONVERSION = YES_AGGRESSIVE;
				CLANG_CXX_LANGUAGE_STANDARD = "gnu++17";
				CLANG_ENABLE_MODULES = YES;
				CLANG_ENABLE_OBJC_ARC = YES;
				CLANG_ENABLE_OBJC_WEAK = YES;
				CLANG_WARN_BLOCK_CAPTURE_AUTORELEASING = YES;
				CLANG_WARN_BOOL_CONVERSION = YES;
				CLANG_WARN_COMMA = YES;
				CLANG_WARN_CONSTANT_CONVERSION = YES;
				CLANG_WARN_DEPRECATED_OBJC_IMPLEMENTATIONS = YES;
				CLANG_WARN_DIRECT_OBJC_ISA_USAGE = YES_ERROR;
				CLANG_WARN_DOCUMENTATION_COMMENTS = YES;
				CLANG_WARN_EMPTY_BODY = YES;
				CLANG_WARN_ENUM_CONVERSION = YES;
				CLANG_WARN_INFINITE_RECURSION = YES;
				CLANG_WARN_INT_CONVERSION = YES;
				CLANG_WARN_NON_LITERAL_NULL_CONVERSION = YES;
				CLANG_WARN_OBJC_IMPLICIT_RETAIN_SELF = YES;
				CLANG_WARN_OBJC_LITERAL_CONVERSION = YES;
				CLANG_WARN_OBJC_ROOT_CLASS = YES_ERROR;
				CLANG_WARN_QUOTED_INCLUDE_IN_FRAMEWORK_HEADER = YES;
				CLANG_WARN_RANGE_LOOP_ANALYSIS = YES;
				CLANG_WARN_STRICT_PROTOTYPES = YES;
				CLANG_WARN_SUSPICIOUS_MOVE = YES;
				CLANG_WARN_UNGUARDED_AVAILABILITY = YES_AGGRESSIVE;
				CLANG_WARN_UNREACHABLE_CODE = YES;
				CLANG_WARN__DUPLICATE_METHOD_MATCH = YES;
				COPY_PHASE_STRIP = NO;
				DEBUG_INFORMATION_FORMAT = "dwarf-with-dsym";
				ENABLE_NS_ASSERTIONS = NO;
				ENABLE_STRICT_OBJC_MSGSEND = YES;
				GCC_C_LANGUAGE_STANDARD = gnu11;
				GCC_NO_COMMON_BLOCKS = YES;
				GCC_WARN_64_TO_32_BIT_CONVERSION = YES;
				GCC_WARN_ABOUT_RETURN_TYPE = YES_ERROR;
				GCC_WARN_UNDECLARED_SELECTOR = YES;
				GCC_WARN_UNINITIALIZED_AUTOS = YES_AGGRESSIVE;
				GCC_WARN_UNUSED_FUNCTION = YES;
				GCC_WARN_UNUSED_VARIABLE = YES;
				IPHONEOS_DEPLOYMENT_TARGET = 15.5;
				MTL_ENABLE_DEBUG_INFO = NO;
				MTL_FAST_MATH = YES;
				SDKROOT = iphoneos;
				SWIFT_COMPILATION_MODE = wholemodule;
				SWIFT_OPTIMIZATION_LEVEL = "-O";
				VALIDATE_PRODUCT = YES;
			};
			name = Release;
		};
		08C6A3F928A595D0004692EC /* Debug */ = {
			isa = XCBuildConfiguration;
			baseConfigurationReference = 3763AC00910F6C9285B9E033 /* Pods-Qlear.debug.xcconfig */;
			buildSettings = {
				ASSETCATALOG_COMPILER_APPICON_NAME = AppIcon;
				ASSETCATALOG_COMPILER_GLOBAL_ACCENT_COLOR_NAME = AccentColor;
				CODE_SIGN_STYLE = Automatic;
				CURRENT_PROJECT_VERSION = 1;
				DEVELOPMENT_TEAM = 9PF2GLF6PD;
				GENERATE_INFOPLIST_FILE = YES;
				INFOPLIST_FILE = Qlear/Info.plist;
				INFOPLIST_KEY_UIApplicationSupportsIndirectInputEvents = YES;
				INFOPLIST_KEY_UILaunchStoryboardName = LaunchScreen;
				INFOPLIST_KEY_UIMainStoryboardFile = Main;
				INFOPLIST_KEY_UISupportedInterfaceOrientations_iPad = "UIInterfaceOrientationPortrait UIInterfaceOrientationPortraitUpsideDown UIInterfaceOrientationLandscapeLeft UIInterfaceOrientationLandscapeRight";
				INFOPLIST_KEY_UISupportedInterfaceOrientations_iPhone = "UIInterfaceOrientationPortrait UIInterfaceOrientationLandscapeLeft UIInterfaceOrientationLandscapeRight";
				LD_RUNPATH_SEARCH_PATHS = (
					"$(inherited)",
					"@executable_path/Frameworks",
				);
				MARKETING_VERSION = 1.0;
				PRODUCT_BUNDLE_IDENTIFIER = com.Beavean.Anthony.Qlear;
				PRODUCT_NAME = "$(TARGET_NAME)";
				SWIFT_EMIT_LOC_STRINGS = YES;
				SWIFT_VERSION = 5.0;
				TARGETED_DEVICE_FAMILY = "1,2";
			};
			name = Debug;
		};
		08C6A3FA28A595D0004692EC /* Release */ = {
			isa = XCBuildConfiguration;
			baseConfigurationReference = AB4104148648AAD0F53FD0D1 /* Pods-Qlear.release.xcconfig */;
			buildSettings = {
				ASSETCATALOG_COMPILER_APPICON_NAME = AppIcon;
				ASSETCATALOG_COMPILER_GLOBAL_ACCENT_COLOR_NAME = AccentColor;
				CODE_SIGN_STYLE = Automatic;
				CURRENT_PROJECT_VERSION = 1;
				DEVELOPMENT_TEAM = 9PF2GLF6PD;
				GENERATE_INFOPLIST_FILE = YES;
				INFOPLIST_FILE = Qlear/Info.plist;
				INFOPLIST_KEY_UIApplicationSupportsIndirectInputEvents = YES;
				INFOPLIST_KEY_UILaunchStoryboardName = LaunchScreen;
				INFOPLIST_KEY_UIMainStoryboardFile = Main;
				INFOPLIST_KEY_UISupportedInterfaceOrientations_iPad = "UIInterfaceOrientationPortrait UIInterfaceOrientationPortraitUpsideDown UIInterfaceOrientationLandscapeLeft UIInterfaceOrientationLandscapeRight";
				INFOPLIST_KEY_UISupportedInterfaceOrientations_iPhone = "UIInterfaceOrientationPortrait UIInterfaceOrientationLandscapeLeft UIInterfaceOrientationLandscapeRight";
				LD_RUNPATH_SEARCH_PATHS = (
					"$(inherited)",
					"@executable_path/Frameworks",
				);
				MARKETING_VERSION = 1.0;
				PRODUCT_BUNDLE_IDENTIFIER = com.Beavean.Anthony.Qlear;
				PRODUCT_NAME = "$(TARGET_NAME)";
				SWIFT_EMIT_LOC_STRINGS = YES;
				SWIFT_VERSION = 5.0;
				TARGETED_DEVICE_FAMILY = "1,2";
			};
			name = Release;
		};
/* End XCBuildConfiguration section */

/* Begin XCConfigurationList section */
		08C6A3DF28A595CF004692EC /* Build configuration list for PBXProject "Qlear" */ = {
			isa = XCConfigurationList;
			buildConfigurations = (
				08C6A3F628A595D0004692EC /* Debug */,
				08C6A3F728A595D0004692EC /* Release */,
			);
			defaultConfigurationIsVisible = 0;
			defaultConfigurationName = Release;
		};
		08C6A3F828A595D0004692EC /* Build configuration list for PBXNativeTarget "Qlear" */ = {
			isa = XCConfigurationList;
			buildConfigurations = (
				08C6A3F928A595D0004692EC /* Debug */,
				08C6A3FA28A595D0004692EC /* Release */,
			);
			defaultConfigurationIsVisible = 0;
			defaultConfigurationName = Release;
		};
/* End XCConfigurationList section */
	};
	rootObject = 08C6A3DC28A595CF004692EC /* Project object */;
}
